{
    "version": 3,
    "terraform_version": "0.11.10",
    "serial": 5,
    "lineage": "ebf27922-5278-a196-85e4-c85eb976e281",
    "modules": [
        {
            "path": [
                "root"
            ],
            "outputs": {},
            "resources": {
                "aws_instance.example": {
                    "type": "aws_instance",
                    "depends_on": [],
                    "primary": {
                        "id": "i-04f8e0e37f0931ae3",
                        "attributes": {
                            "ami": "ami-00846a67",
                            "arn": "arn:aws:ec2:eu-west-2:262754834810:instance/i-04f8e0e37f0931ae3",
                            "associate_public_ip_address": "true",
                            "availability_zone": "eu-west-2a",
                            "cpu_core_count": "1",
                            "cpu_threads_per_core": "1",
                            "credit_specification.#": "1",
                            "credit_specification.0.cpu_credits": "standard",
                            "disable_api_termination": "false",
                            "ebs_block_device.#": "0",
                            "ebs_optimized": "false",
                            "ephemeral_block_device.#": "0",
                            "get_password_data": "false",
                            "iam_instance_profile": "",
                            "id": "i-04f8e0e37f0931ae3",
                            "instance_state": "running",
                            "instance_type": "t2.micro",
                            "ipv6_addresses.#": "0",
                            "key_name": "",
                            "monitoring": "false",
                            "network_interface.#": "0",
                            "network_interface_id": "eni-009d9653565799599",
                            "password_data": "",
                            "placement_group": "",
                            "primary_network_interface_id": "eni-009d9653565799599",
                            "private_dns": "ip-172-31-16-239.eu-west-2.compute.internal",
                            "private_ip": "172.31.16.239",
                            "public_dns": "ec2-3-8-160-80.eu-west-2.compute.amazonaws.com",
                            "public_ip": "3.8.160.80",
                            "root_block_device.#": "1",
                            "root_block_device.0.delete_on_termination": "false",
                            "root_block_device.0.iops": "100",
                            "root_block_device.0.volume_id": "vol-0b0a6dc879adb4d4e",
                            "root_block_device.0.volume_size": "8",
                            "root_block_device.0.volume_type": "gp2",
                            "security_groups.#": "1",
                            "security_groups.3814588639": "default",
                            "source_dest_check": "true",
                            "subnet_id": "subnet-db09a9a1",
                            "tags.%": "0",
                            "tenancy": "default",
                            "volume_tags.%": "0",
                            "vpc_security_group_ids.#": "1",
                            "vpc_security_group_ids.1579766351": "sg-02673868"
                        },
                        "meta": {
                            "e2bfb730-ecaa-11e6-8f88-34363bc7c4c0": {
                                "create": 600000000000,
                                "delete": 1200000000000,
                                "update": 600000000000
                            },
                            "schema_version": "1"
                        },
                        "tainted": false
                    },
                    "deposed": [],
                    "provider": "provider.aws"
                },
                "aws_key_pair.access": {
                    "type": "aws_key_pair",
                    "depends_on": [],
                    "primary": {
                        "id": "access-key",
                        "attributes": {
                            "fingerprint": "75:30:77:8e:c4:69:7e:6c:c8:4b:f0:c6:66:d6:6c:d3",
                            "id": "access-key",
                            "key_name": "access-key",
                            "public_key": "ssh-rsa AAAAB3NzaC1yc2EAAAADAQABAAABAQDMmzGTmPORmgBzfCRAIovee7xN002ibY71RUwDoS0uX/Qo+E+ni3zrX/HfggXEIjMiWvyQaKJP/Un5gicXp7nmRKBQqvPViIPNPWN4Gh2kv7ISQR0hNsla5qzjK1WngkpfGq03obET6oKMu0RrrYswGex0cyO+9MHbIjsORYydqj4Lt+plIa6+48nVsixm6neWgoW0OEzfpcMhSCMovjXuCa2JzUEBuunQ1v9UcVcppPPtTTPdLtm0qXERGi4FVSWg3RYdgfn3/PkpIbTBgYYz+RuUpXudlT9pbsuPgAJ5X/QpCNJeLMgzW7wWMbJBMzdi1RXfzPjj5KGgJWxfTQmf nickapos@nickapos-TECRA-A11"
                        },
                        "meta": {
                            "schema_version": "1"
                        },
                        "tainted": false
                    },
                    "deposed": [],
                    "provider": "provider.aws"
                }
            },
            "depends_on": []
        }
    ]
}
